
Microsoft Visual Studio Solution File, Format Version 12.00
# Visual Studio Version 16
VisualStudioVersion = 16.0.28922.388
MinimumVisualStudioVersion = 10.0.40219.1
Project("{FAE04EC0-301F-11D3-BF4B-00C04F79EFBC}") = "ConditionalStatementsAndLoops", "ConditionalStatementsAndLoops\ConditionalStatementsAndLoops.csproj", "{9E2641E9-B0AE-4D50-9312-A71D394ADF79}"
EndProject
Global
	GlobalSection(SolutionConfigurationPlatforms) = preSolution
		Debug|Any CPU = Debug|Any CPU
		Release|Any CPU = Release|Any CPU
	EndGlobalSection
	GlobalSection(ProjectConfigurationPlatforms) = postSolution
		{9E2641E9-B0AE-4D50-9312-A71D394ADF79}.Debug|Any CPU.ActiveCfg = Debug|Any CPU
		{9E2641E9-B0AE-4D50-9312-A71D394ADF79}.Debug|Any CPU.Build.0 = Debug|Any CPU
		{9E2641E9-B0AE-4D50-9312-A71D394ADF79}.Release|Any CPU.ActiveCfg = Release|Any CPU
		{9E2641E9-B0AE-4D50-9312-A71D394ADF79}.Release|Any CPU.Build.0 = Release|Any CPU
	EndGlobalSection
	GlobalSection(SolutionProperties) = preSolution
		HideSolutionNode = FALSE
	EndGlobalSection
	GlobalSection(ExtensibilityGlobals) = postSolution
		SolutionGuid = {5535A32C-9C88-44F4-ABF7-79BE9D44D3F3}
	EndGlobalSection
EndGlobal
